NeoBundleLock delimitmate b5719054beebe0135c94f4711a06dc7588041f09
NeoBundleLock deoplete-ternjs c8135f6efe48fd37a25bc43cd60b1beef2d78dad
NeoBundleLock es.next.syntax.vim 2fbf14f25aa28e955fb7f5e078412d6f6253498a
NeoBundleLock goyo.vim 8e8f1d45b61e1fce7f84ee061c38f9e033e86ff9
NeoBundleLock neobundle.vim 88951d60547595606ea0ca8f28f643d2506f2714
NeoBundleLock nerdtree eee431dbd44111c858c6d33ffd366cae1f17f8b3
NeoBundleLock ultisnips 9a670c502b5a920a7155c2894a321beaf58b1c26
NeoBundleLock unite.vim 3469ced07d03980c637cc756754cbec064acc9bb
NeoBundleLock vim-commentary 73e0d9a9d1f51b6cc9dc965f62669194ae851cb1
NeoBundleLock vim-eunuch 7eeb681ff3caedc1c01e50966bc293951f7b3e21
NeoBundleLock vim-js-indent 7770c0c51583344ac887527101ebd19b79a73f23
NeoBundleLock vim-jsx eb656ed96435ccf985668ebd7bb6ceb34b736213
NeoBundleLock vim-markdown a3169545f330ec8080244c3ad755bb2211eca8a0
NeoBundleLock vim-node 13b31218447335e176d46dd5f497b274f7f49595
NeoBundleLock vim-repeat 7a6675f092842c8f81e71d5345bd7cdbf3759415
NeoBundleLock vim-surround e49d6c2459e0f5569ff2d533b4df995dd7f98313
NeoBundleLock vim-table-mode 441c30c35aec9d5c2de1d58a77a7d22aa8d93b06
NeoBundleLock vim-unimpaired 11dc568dbfd7a56866a4354c737515769f08e9fe
NeoBundleLock vimfiler.vim 1f00a8a5c48714ae88e7a573429beef447003a5d
NeoBundleLock vimproc.vim 25cb83f24edec4aec1e9f1329302235e7a7a7fe0
NeoBundleLock yajs.vim 493aefe55c2d8c60bfb650576c98af49faa82f84
